
Microsoft Visual Studio Solution File, Format Version 12.00
# Visual Studio Version 16
VisualStudioVersion = 16.0.31410.357
MinimumVisualStudioVersion = 10.0.40219.1
Project("{FAE04EC0-301F-11D3-BF4B-00C04F79EFBC}") = "Реализация листа", "Реализация листа\Реализация листа.csproj", "{34779BFC-B845-422F-9B07-39E2888EDD53}"
EndProject
Global
	GlobalSection(SolutionConfigurationPlatforms) = preSolution
		Debug|Any CPU = Debug|Any CPU
		Release|Any CPU = Release|Any CPU
	EndGlobalSection
	GlobalSection(ProjectConfigurationPlatforms) = postSolution
		{34779BFC-B845-422F-9B07-39E2888EDD53}.Debug|Any CPU.ActiveCfg = Debug|Any CPU
		{34779BFC-B845-422F-9B07-39E2888EDD53}.Debug|Any CPU.Build.0 = Debug|Any CPU
		{34779BFC-B845-422F-9B07-39E2888EDD53}.Release|Any CPU.ActiveCfg = Release|Any CPU
		{34779BFC-B845-422F-9B07-39E2888EDD53}.Release|Any CPU.Build.0 = Release|Any CPU
	EndGlobalSection
	GlobalSection(SolutionProperties) = preSolution
		HideSolutionNode = FALSE
	EndGlobalSection
	GlobalSection(ExtensibilityGlobals) = postSolution
		SolutionGuid = {9F623EE6-8406-4E82-BB61-FFF9F38C7467}
	EndGlobalSection
EndGlobal
